// !$*UTF8*$!
{
	archiveVersion = 1;
	classes = {
	};
	objectVersion = 56;
	objects = {

/* Begin PBXBuildFile section */
		A459BDAD273698800088871D /* AppDelegate.swift in Sources */ = {isa = PBXBuildFile; fileRef = A459BDAC273698800088871D /* AppDelegate.swift */; };
		A459BDAF273698800088871D /* ViewController.swift in Sources */ = {isa = PBXBuildFile; fileRef = A459BDAE273698800088871D /* ViewController.swift */; };
		A459BDB2273698800088871D /* Main.storyboard in Resources */ = {isa = PBXBuildFile; fileRef = A459BDB0273698800088871D /* Main.storyboard */; };
		A459BDB4273698820088871D /* Assets.xcassets in Resources */ = {isa = PBXBuildFile; fileRef = A459BDB3273698820088871D /* Assets.xcassets */; };
		A459BDB7273698820088871D /* LaunchScreen.storyboard in Resources */ = {isa = PBXBuildFile; fileRef = A459BDB5273698820088871D /* LaunchScreen.storyboard */; };
		A459BDC027369B2F0088871D /* VideoPlayer.swift in Sources */ = {isa = PBXBuildFile; fileRef = A459BDBF27369B2F0088871D /* VideoPlayer.swift */; };
		A459BDC227369B510088871D /* PlayerView.swift in Sources */ = {isa = PBXBuildFile; fileRef = A459BDC127369B510088871D /* PlayerView.swift */; };
		A459BDC427369EF60088871D /* Notifications.swift in Sources */ = {isa = PBXBuildFile; fileRef = A459BDC327369EF60088871D /* Notifications.swift */; };
		A4634413294E063100D757A6 /* fire.mp4 in Resources */ = {isa = PBXBuildFile; fileRef = A4634412294E063100D757A6 /* fire.mp4 */; };
/* End PBXBuildFile section */

/* Begin PBXFileReference section */
		A459BDA9273698800088871D /* Fireplace.app */ = {isa = PBXFileReference; explicitFileType = wrapper.application; includeInIndex = 0; path = Fireplace.app; sourceTree = BUILT_PRODUCTS_DIR; };
		A459BDAC273698800088871D /* AppDelegate.swift */ = {isa = PBXFileReference; lastKnownFileType = sourcecode.swift; path = AppDelegate.swift; sourceTree = "<group>"; };
		A459BDAE273698800088871D /* ViewController.swift */ = {isa = PBXFileReference; lastKnownFileType = sourcecode.swift; path = ViewController.swift; sourceTree = "<group>"; };
		A459BDB1273698800088871D /* Base */ = {isa = PBXFileReference; lastKnownFileType = file.storyboard; name = Base; path = Base.lproj/Main.storyboard; sourceTree = "<group>"; };
		A459BDB3273698820088871D /* Assets.xcassets */ = {isa = PBXFileReference; lastKnownFileType = folder.assetcatalog; path = Assets.xcassets; sourceTree = "<group>"; };
		A459BDB6273698820088871D /* Base */ = {isa = PBXFileReference; lastKnownFileType = file.storyboard; name = Base; path = Base.lproj/LaunchScreen.storyboard; sourceTree = "<group>"; };
		A459BDBF27369B2F0088871D /* VideoPlayer.swift */ = {isa = PBXFileReference; lastKnownFileType = sourcecode.swift; path = VideoPlayer.swift; sourceTree = "<group>"; };
		A459BDC127369B510088871D /* PlayerView.swift */ = {isa = PBXFileReference; lastKnownFileType = sourcecode.swift; path = PlayerView.swift; sourceTree = "<group>"; };
		A459BDC327369EF60088871D /* Notifications.swift */ = {isa = PBXFileReference; lastKnownFileType = sourcecode.swift; path = Notifications.swift; sourceTree = "<group>"; };
		A4634412294E063100D757A6 /* fire.mp4 */ = {isa = PBXFileReference; lastKnownFileType = file; path = fire.mp4; sourceTree = "<group>"; };
/* End PBXFileReference section */

/* Begin PBXFrameworksBuildPhase section */
		A459BDA6273698800088871D /* Frameworks */ = {
			isa = PBXFrameworksBuildPhase;
			buildActionMask = 2147483647;
			files = (
			);
			runOnlyForDeploymentPostprocessing = 0;
		};
/* End PBXFrameworksBuildPhase section */

/* Begin PBXGroup section */
		A459BDA0273698800088871D = {
			isa = PBXGroup;
			children = (
				A459BDAB273698800088871D /* fireplace */,
				A459BDAA273698800088871D /* Products */,
			);
			sourceTree = "<group>";
		};
		A459BDAA273698800088871D /* Products */ = {
			isa = PBXGroup;
			children = (
				A459BDA9273698800088871D /* Fireplace.app */,
			);
			name = Products;
			sourceTree = "<group>";
		};
		A459BDAB273698800088871D /* fireplace */ = {
			isa = PBXGroup;
			children = (
				A4634412294E063100D757A6 /* fire.mp4 */,
				A459BDAC273698800088871D /* AppDelegate.swift */,
				A459BDC327369EF60088871D /* Notifications.swift */,
				A459BDAE273698800088871D /* ViewController.swift */,
				A459BDC127369B510088871D /* PlayerView.swift */,
				A459BDBF27369B2F0088871D /* VideoPlayer.swift */,
				A459BDB0273698800088871D /* Main.storyboard */,
				A459BDB3273698820088871D /* Assets.xcassets */,
				A459BDB5273698820088871D /* LaunchScreen.storyboard */,
			);
			path = fireplace;
			sourceTree = "<group>";
		};
/* End PBXGroup section */

/* Begin PBXNativeTarget section */
		A459BDA8273698800088871D /* fireplace */ = {
			isa = PBXNativeTarget;
			buildConfigurationList = A459BDBA273698820088871D /* Build configuration list for PBXNativeTarget "fireplace" */;
			buildPhases = (
				A459BDA5273698800088871D /* Sources */,
				A459BDA6273698800088871D /* Frameworks */,
				A459BDA7273698800088871D /* Resources */,
			);
			buildRules = (
			);
			dependencies = (
			);
			name = fireplace;
			productName = fireplace;
			productReference = A459BDA9273698800088871D /* Fireplace.app */;
			productType = "com.apple.product-type.application";
		};
/* End PBXNativeTarget section */

/* Begin PBXProject section */
		A459BDA1273698800088871D /* Project object */ = {
			isa = PBXProject;
			attributes = {
				BuildIndependentTargetsInParallel = 1;
				LastSwiftUpdateCheck = 1310;
				LastUpgradeCheck = 1310;
				TargetAttributes = {
					A459BDA8273698800088871D = {
						CreatedOnToolsVersion = 13.1;
					};
				};
			};
			buildConfigurationList = A459BDA4273698800088871D /* Build configuration list for PBXProject "fireplace" */;
			compatibilityVersion = "Xcode 14.0";
			developmentRegion = en;
			hasScannedForEncodings = 0;
			knownRegions = (
				en,
				Base,
			);
			mainGroup = A459BDA0273698800088871D;
			productRefGroup = A459BDAA273698800088871D /* Products */;
			projectDirPath = "";
			projectRoot = "";
			targets = (
				A459BDA8273698800088871D /* fireplace */,
			);
		};
/* End PBXProject section */

/* Begin PBXResourcesBuildPhase section */
		A459BDA7273698800088871D /* Resources */ = {
			isa = PBXResourcesBuildPhase;
			buildActionMask = 2147483647;
			files = (
				A459BDB7273698820088871D /* LaunchScreen.storyboard in Resources */,
				A4634413294E063100D757A6 /* fire.mp4 in Resources */,
				A459BDB4273698820088871D /* Assets.xcassets in Resources */,
				A459BDB2273698800088871D /* Main.storyboard in Resources */,
			);
			runOnlyForDeploymentPostprocessing = 0;
		};
/* End PBXResourcesBuildPhase section */

/* Begin PBXSourcesBuildPhase section */
		A459BDA5273698800088871D /* Sources */ = {
			isa = PBXSourcesBuildPhase;
			buildActionMask = 2147483647;
			files = (
				A459BDC427369EF60088871D /* Notifications.swift in Sources */,
				A459BDAF273698800088871D /* ViewController.swift in Sources */,
				A459BDAD273698800088871D /* AppDelegate.swift in Sources */,
				A459BDC027369B2F0088871D /* VideoPlayer.swift in Sources */,
				A459BDC227369B510088871D /* PlayerView.swift in Sources */,
			);
			runOnlyForDeploymentPostprocessing = 0;
		};
/* End PBXSourcesBuildPhase section */

/* Begin PBXVariantGroup section */
		A459BDB0273698800088871D /* Main.storyboard */ = {
			isa = PBXVariantGroup;
			children = (
				A459BDB1273698800088871D /* Base */,
			);
			name = Main.storyboard;
			sourceTree = "<group>";
		};
		A459BDB5273698820088871D /* LaunchScreen.storyboard */ = {
			isa = PBXVariantGroup;
			children = (
				A459BDB6273698820088871D /* Base */,
			);
			name = LaunchScreen.storyboard;
			sourceTree = "<group>";
		};
/* End PBXVariantGroup section */

/* Begin XCBuildConfiguration section */
		A459BDB8273698820088871D /* Debug */ = {
			isa = XCBuildConfiguration;
			buildSettings = {
				ALWAYS_SEARCH_USER_PATHS = NO;
				CLANG_ANALYZER_NONNULL = YES;
				CLANG_ANALYZER_NUMBER_OBJECT_CONVERSION = YES_AGGRESSIVE;
				CLANG_CXX_LANGUAGE_STANDARD = "gnu++17";
				CLANG_CXX_LIBRARY = "libc++";
				CLANG_ENABLE_MODULES = YES;
				CLANG_ENABLE_OBJC_ARC = YES;
				CLANG_ENABLE_OBJC_WEAK = YES;
				CLANG_WARN_BLOCK_CAPTURE_AUTORELEASING = YES;
				CLANG_WARN_BOOL_CONVERSION = YES;
				CLANG_WARN_COMMA = YES;
				CLANG_WARN_CONSTANT_CONVERSION = YES;
				CLANG_WARN_DEPRECATED_OBJC_IMPLEMENTATIONS = YES;
				CLANG_WARN_DIRECT_OBJC_ISA_USAGE = YES_ERROR;
				CLANG_WARN_DOCUMENTATION_COMMENTS = YES;
				CLANG_WARN_EMPTY_BODY = YES;
				CLANG_WARN_ENUM_CONVERSION = YES;
				CLANG_WARN_INFINITE_RECURSION = YES;
				CLANG_WARN_INT_CONVERSION = YES;
				CLANG_WARN_NON_LITERAL_NULL_CONVERSION = YES;
				CLANG_WARN_OBJC_IMPLICIT_RETAIN_SELF = YES;
				CLANG_WARN_OBJC_LITERAL_CONVERSION = YES;
				CLANG_WARN_OBJC_ROOT_CLASS = YES_ERROR;
				CLANG_WARN_QUOTED_INCLUDE_IN_FRAMEWORK_HEADER = YES;
				CLANG_WARN_RANGE_LOOP_ANALYSIS = YES;
				CLANG_WARN_STRICT_PROTOTYPES = YES;
				CLANG_WARN_SUSPICIOUS_MOVE = YES;
				CLANG_WARN_UNGUARDED_AVAILABILITY = YES_AGGRESSIVE;
				CLANG_WARN_UNREACHABLE_CODE = YES;
				CLANG_WARN__DUPLICATE_METHOD_MATCH = YES;
				COPY_PHASE_STRIP = NO;
				DEBUG_INFORMATION_FORMAT = dwarf;
				ENABLE_STRICT_OBJC_MSGSEND = YES;
				ENABLE_TESTABILITY = YES;
				GCC_C_LANGUAGE_STANDARD = gnu11;
				GCC_DYNAMIC_NO_PIC = NO;
				GCC_NO_COMMON_BLOCKS = YES;
				GCC_OPTIMIZATION_LEVEL = 0;
				GCC_PREPROCESSOR_DEFINITIONS = (
					"DEBUG=1",
					"$(inherited)",
				);
				GCC_WARN_64_TO_32_BIT_CONVERSION = YES;
				GCC_WARN_ABOUT_RETURN_TYPE = YES_ERROR;
				GCC_WARN_UNDECLARED_SELECTOR = YES;
				GCC_WARN_UNINITIALIZED_AUTOS = YES_AGGRESSIVE;
				GCC_WARN_UNUSED_FUNCTION = YES;
				GCC_WARN_UNUSED_VARIABLE = YES;
				MTL_ENABLE_DEBUG_INFO = INCLUDE_SOURCE;
				MTL_FAST_MATH = YES;
				ONLY_ACTIVE_ARCH = YES;
				SDKROOT = appletvos;
				SWIFT_ACTIVE_COMPILATION_CONDITIONS = DEBUG;
				SWIFT_OPTIMIZATION_LEVEL = "-Onone";
				TVOS_DEPLOYMENT_TARGET = 16.1;
			};
			name = Debug;
		};
		A459BDB9273698820088871D /* Release */ = {
			isa = XCBuildConfiguration;
			buildSettings = {
				ALWAYS_SEARCH_USER_PATHS = NO;
				CLANG_ANALYZER_NONNULL = YES;
				CLANG_ANALYZER_NUMBER_OBJECT_CONVERSION = YES_AGGRESSIVE;
				CLANG_CXX_LANGUAGE_STANDARD = "gnu++17";
				CLANG_CXX_LIBRARY = "libc++";
				CLANG_ENABLE_MODULES = YES;
				CLANG_ENABLE_OBJC_ARC = YES;
				CLANG_ENABLE_OBJC_WEAK = YES;
				CLANG_WARN_BLOCK_CAPTURE_AUTORELEASING = YES;
				CLANG_WARN_BOOL_CONVERSION = YES;
				CLANG_WARN_COMMA = YES;
				CLANG_WARN_CONSTANT_CONVERSION = YES;
				CLANG_WARN_DEPRECATED_OBJC_IMPLEMENTATIONS = YES;
				CLANG_WARN_DIRECT_OBJC_ISA_USAGE = YES_ERROR;
				CLANG_WARN_DOCUMENTATION_COMMENTS = YES;
				CLANG_WARN_EMPTY_BODY = YES;
				CLANG_WARN_ENUM_CONVERSION = YES;
				CLANG_WARN_INFINITE_RECURSION = YES;
				CLANG_WARN_INT_CONVERSION = YES;
				CLANG_WARN_NON_LITERAL_NULL_CONVERSION = YES;
				CLANG_WARN_OBJC_IMPLICIT_RETAIN_SELF = YES;
				CLANG_WARN_OBJC_LITERAL_CONVERSION = YES;
				CLANG_WARN_OBJC_ROOT_CLASS = YES_ERROR;
				CLANG_WARN_QUOTED_INCLUDE_IN_FRAMEWORK_HEADER = YES;
				CLANG_WARN_RANGE_LOOP_ANALYSIS = YES;
				CLANG_WARN_STRICT_PROTOTYPES = YES;
				CLANG_WARN_SUSPICIOUS_MOVE = YES;
				CLANG_WARN_UNGUARDED_AVAILABILITY = YES_AGGRESSIVE;
				CLANG_WARN_UNREACHABLE_CODE = YES;
				CLANG_WARN__DUPLICATE_METHOD_MATCH = YES;
				COPY_PHASE_STRIP = NO;
				DEBUG_INFORMATION_FORMAT = "dwarf-with-dsym";
				ENABLE_NS_ASSERTIONS = NO;
				ENABLE_STRICT_OBJC_MSGSEND = YES;
				GCC_C_LANGUAGE_STANDARD = gnu11;
				GCC_NO_COMMON_BLOCKS = YES;
				GCC_WARN_64_TO_32_BIT_CONVERSION = YES;
				GCC_WARN_ABOUT_RETURN_TYPE = YES_ERROR;
				GCC_WARN_UNDECLARED_SELECTOR = YES;
				GCC_WARN_UNINITIALIZED_AUTOS = YES_AGGRESSIVE;
				GCC_WARN_UNUSED_FUNCTION = YES;
				GCC_WARN_UNUSED_VARIABLE = YES;
				MTL_ENABLE_DEBUG_INFO = NO;
				MTL_FAST_MATH = YES;
				SDKROOT = appletvos;
				SWIFT_COMPILATION_MODE = wholemodule;
				SWIFT_OPTIMIZATION_LEVEL = "-O";
				TVOS_DEPLOYMENT_TARGET = 16.1;
				VALIDATE_PRODUCT = YES;
			};
			name = Release;
		};
		A459BDBB273698820088871D /* Debug */ = {
			isa = XCBuildConfiguration;
			buildSettings = {
				ASSETCATALOG_COMPILER_APPICON_NAME = "App Icon & Top Shelf Image";
				ASSETCATALOG_COMPILER_GLOBAL_ACCENT_COLOR_NAME = AccentColor;
				CODE_SIGN_STYLE = Automatic;
				CURRENT_PROJECT_VERSION = 2;
				DEVELOPMENT_TEAM = QEZ83PUW72;
				GENERATE_INFOPLIST_FILE = YES;
				INFOPLIST_KEY_UILaunchStoryboardName = LaunchScreen;
				INFOPLIST_KEY_UIMainStoryboardFile = Main;
				INFOPLIST_KEY_UIUserInterfaceStyle = Automatic;
				LD_RUNPATH_SEARCH_PATHS = (
					"$(inherited)",
					"@executable_path/Frameworks",
				);
				MARKETING_VERSION = 1.0;
				PRODUCT_BUNDLE_IDENTIFIER = se.eberl.fireplace;
				PRODUCT_NAME = Fireplace;
				SWIFT_EMIT_LOC_STRINGS = YES;
				SWIFT_VERSION = 5.0;
				TARGETED_DEVICE_FAMILY = 3;
				TVOS_DEPLOYMENT_TARGET = 16.1;
			};
			name = Debug;
		};
		A459BDBC273698820088871D /* Release */ = {
			isa = XCBuildConfiguration;
			buildSettings = {
				ASSETCATALOG_COMPILER_APPICON_NAME = "App Icon & Top Shelf Image";
				ASSETCATALOG_COMPILER_GLOBAL_ACCENT_COLOR_NAME = AccentColor;
				CODE_SIGN_STYLE = Automatic;
				CURRENT_PROJECT_VERSION = 2;
				DEVELOPMENT_TEAM = QEZ83PUW72;
				GENERATE_INFOPLIST_FILE = YES;
				INFOPLIST_KEY_UILaunchStoryboardName = LaunchScreen;
				INFOPLIST_KEY_UIMainStoryboardFile = Main;
				INFOPLIST_KEY_UIUserInterfaceStyle = Automatic;
				LD_RUNPATH_SEARCH_PATHS = (
					"$(inherited)",
					"@executable_path/Frameworks",
				);
				MARKETING_VERSION = 1.0;
				PRODUCT_BUNDLE_IDENTIFIER = se.eberl.fireplace;
				PRODUCT_NAME = Fireplace;
				SWIFT_EMIT_LOC_STRINGS = YES;
				SWIFT_VERSION = 5.0;
				TARGETED_DEVICE_FAMILY = 3;
				TVOS_DEPLOYMENT_TARGET = 16.1;
			};
			name = Release;
		};
/* End XCBuildConfiguration section */

/* Begin XCConfigurationList section */
		A459BDA4273698800088871D /* Build configuration list for PBXProject "fireplace" */ = {
			isa = XCConfigurationList;
			buildConfigurations = (
				A459BDB8273698820088871D /* Debug */,
				A459BDB9273698820088871D /* Release */,
			);
			defaultConfigurationIsVisible = 0;
			defaultConfigurationName = Release;
		};
		A459BDBA273698820088871D /* Build configuration list for PBXNativeTarget "fireplace" */ = {
			isa = XCConfigurationList;
			buildConfigurations = (
				A459BDBB273698820088871D /* Debug */,
				A459BDBC273698820088871D /* Release */,
			);
			defaultConfigurationIsVisible = 0;
			defaultConfigurationName = Release;
		};
/* End XCConfigurationList section */
	};
	rootObject = A459BDA1273698800088871D /* Project object */;
}
